
Microsoft Visual Studio Solution File, Format Version 12.00
# Visual Studio Version 16
VisualStudioVersion = 16.0.30804.86
MinimumVisualStudioVersion = 10.0.40219.1
Project("{FAE04EC0-301F-11D3-BF4B-00C04F79EFBC}") = "BroyBackEnd", "BroyBackEnd\BroyBackEnd.csproj", "{23340C91-97DC-4F1F-88DC-4554D1868FEF}"
EndProject
Global
	GlobalSection(SolutionConfigurationPlatforms) = preSolution
		Debug|Any CPU = Debug|Any CPU
		Release|Any CPU = Release|Any CPU
	EndGlobalSection
	GlobalSection(ProjectConfigurationPlatforms) = postSolution
		{23340C91-97DC-4F1F-88DC-4554D1868FEF}.Debug|Any CPU.ActiveCfg = Debug|Any CPU
		{23340C91-97DC-4F1F-88DC-4554D1868FEF}.Debug|Any CPU.Build.0 = Debug|Any CPU
		{23340C91-97DC-4F1F-88DC-4554D1868FEF}.Release|Any CPU.ActiveCfg = Release|Any CPU
		{23340C91-97DC-4F1F-88DC-4554D1868FEF}.Release|Any CPU.Build.0 = Release|Any CPU
	EndGlobalSection
	GlobalSection(SolutionProperties) = preSolution
		HideSolutionNode = FALSE
	EndGlobalSection
	GlobalSection(ExtensibilityGlobals) = postSolution
		SolutionGuid = {2968B789-293F-4109-8A42-596AC251E6B2}
	EndGlobalSection
EndGlobal
